// !$*UTF8*$!
{
	archiveVersion = 1;
	classes = {
	};
	objectVersion = 48;
	objects = {

/* Begin PBXBuildFile section */
		62356E792033616F00646D27 /* AppDelegate.swift in Sources */ = {isa = PBXBuildFile; fileRef = 62356E782033616F00646D27 /* AppDelegate.swift */; };
		62356E7B2033616F00646D27 /* ViewController.swift in Sources */ = {isa = PBXBuildFile; fileRef = 62356E7A2033616F00646D27 /* ViewController.swift */; };
		62356E7E2033616F00646D27 /* Main.storyboard in Resources */ = {isa = PBXBuildFile; fileRef = 62356E7C2033616F00646D27 /* Main.storyboard */; };
		62356E812033616F00646D27 /* Remontoj.xcdatamodeld in Sources */ = {isa = PBXBuildFile; fileRef = 62356E7F2033616F00646D27 /* Remontoj.xcdatamodeld */; };
		62356E832033616F00646D27 /* Assets.xcassets in Resources */ = {isa = PBXBuildFile; fileRef = 62356E822033616F00646D27 /* Assets.xcassets */; };
		62356E862033616F00646D27 /* LaunchScreen.storyboard in Resources */ = {isa = PBXBuildFile; fileRef = 62356E842033616F00646D27 /* LaunchScreen.storyboard */; };
		62356E912033617000646D27 /* RemontojTests.swift in Sources */ = {isa = PBXBuildFile; fileRef = 62356E902033617000646D27 /* RemontojTests.swift */; };
		62356E9C2033617000646D27 /* RemontojUITests.swift in Sources */ = {isa = PBXBuildFile; fileRef = 62356E9B2033617000646D27 /* RemontojUITests.swift */; };
/* End PBXBuildFile section */

/* Begin PBXContainerItemProxy section */
		62356E8D2033617000646D27 /* PBXContainerItemProxy */ = {
			isa = PBXContainerItemProxy;
			containerPortal = 62356E6D2033616F00646D27 /* Project object */;
			proxyType = 1;
			remoteGlobalIDString = 62356E742033616F00646D27;
			remoteInfo = Remontoj;
		};
		62356E982033617000646D27 /* PBXContainerItemProxy */ = {
			isa = PBXContainerItemProxy;
			containerPortal = 62356E6D2033616F00646D27 /* Project object */;
			proxyType = 1;
			remoteGlobalIDString = 62356E742033616F00646D27;
			remoteInfo = Remontoj;
		};
/* End PBXContainerItemProxy section */

/* Begin PBXFileReference section */
		62356E752033616F00646D27 /* Remontoj.app */ = {isa = PBXFileReference; explicitFileType = wrapper.application; includeInIndex = 0; path = Remontoj.app; sourceTree = BUILT_PRODUCTS_DIR; };
		62356E782033616F00646D27 /* AppDelegate.swift */ = {isa = PBXFileReference; lastKnownFileType = sourcecode.swift; path = AppDelegate.swift; sourceTree = "<group>"; };
		62356E7A2033616F00646D27 /* ViewController.swift */ = {isa = PBXFileReference; lastKnownFileType = sourcecode.swift; path = ViewController.swift; sourceTree = "<group>"; };
		62356E7D2033616F00646D27 /* Base */ = {isa = PBXFileReference; lastKnownFileType = file.storyboard; name = Base; path = Base.lproj/Main.storyboard; sourceTree = "<group>"; };
		62356E802033616F00646D27 /* Remontoj.xcdatamodel */ = {isa = PBXFileReference; lastKnownFileType = wrapper.xcdatamodel; path = Remontoj.xcdatamodel; sourceTree = "<group>"; };
		62356E822033616F00646D27 /* Assets.xcassets */ = {isa = PBXFileReference; lastKnownFileType = folder.assetcatalog; path = Assets.xcassets; sourceTree = "<group>"; };
		62356E852033616F00646D27 /* Base */ = {isa = PBXFileReference; lastKnownFileType = file.storyboard; name = Base; path = Base.lproj/LaunchScreen.storyboard; sourceTree = "<group>"; };
		62356E872033616F00646D27 /* Info.plist */ = {isa = PBXFileReference; lastKnownFileType = text.plist.xml; path = Info.plist; sourceTree = "<group>"; };
		62356E8C2033617000646D27 /* RemontojTests.xctest */ = {isa = PBXFileReference; explicitFileType = wrapper.cfbundle; includeInIndex = 0; path = RemontojTests.xctest; sourceTree = BUILT_PRODUCTS_DIR; };
		62356E902033617000646D27 /* RemontojTests.swift */ = {isa = PBXFileReference; lastKnownFileType = sourcecode.swift; path = RemontojTests.swift; sourceTree = "<group>"; };
		62356E922033617000646D27 /* Info.plist */ = {isa = PBXFileReference; lastKnownFileType = text.plist.xml; path = Info.plist; sourceTree = "<group>"; };
		62356E972033617000646D27 /* RemontojUITests.xctest */ = {isa = PBXFileReference; explicitFileType = wrapper.cfbundle; includeInIndex = 0; path = RemontojUITests.xctest; sourceTree = BUILT_PRODUCTS_DIR; };
		62356E9B2033617000646D27 /* RemontojUITests.swift */ = {isa = PBXFileReference; lastKnownFileType = sourcecode.swift; path = RemontojUITests.swift; sourceTree = "<group>"; };
		62356E9D2033617000646D27 /* Info.plist */ = {isa = PBXFileReference; lastKnownFileType = text.plist.xml; path = Info.plist; sourceTree = "<group>"; };
/* End PBXFileReference section */

/* Begin PBXFrameworksBuildPhase section */
		62356E722033616F00646D27 /* Frameworks */ = {
			isa = PBXFrameworksBuildPhase;
			buildActionMask = 2147483647;
			files = (
			);
			runOnlyForDeploymentPostprocessing = 0;
		};
		62356E892033617000646D27 /* Frameworks */ = {
			isa = PBXFrameworksBuildPhase;
			buildActionMask = 2147483647;
			files = (
			);
			runOnlyForDeploymentPostprocessing = 0;
		};
		62356E942033617000646D27 /* Frameworks */ = {
			isa = PBXFrameworksBuildPhase;
			buildActionMask = 2147483647;
			files = (
			);
			runOnlyForDeploymentPostprocessing = 0;
		};
/* End PBXFrameworksBuildPhase section */

/* Begin PBXGroup section */
		62356E6C2033616F00646D27 = {
			isa = PBXGroup;
			children = (
				62356E772033616F00646D27 /* Remontoj */,
				62356E8F2033617000646D27 /* RemontojTests */,
				62356E9A2033617000646D27 /* RemontojUITests */,
				62356E762033616F00646D27 /* Products */,
			);
			sourceTree = "<group>";
		};
		62356E762033616F00646D27 /* Products */ = {
			isa = PBXGroup;
			children = (
				62356E752033616F00646D27 /* Remontoj.app */,
				62356E8C2033617000646D27 /* RemontojTests.xctest */,
				62356E972033617000646D27 /* RemontojUITests.xctest */,
			);
			name = Products;
			sourceTree = "<group>";
		};
		62356E772033616F00646D27 /* Remontoj */ = {
			isa = PBXGroup;
			children = (
				62356E782033616F00646D27 /* AppDelegate.swift */,
				62356E7A2033616F00646D27 /* ViewController.swift */,
				62356E7C2033616F00646D27 /* Main.storyboard */,
				62356E822033616F00646D27 /* Assets.xcassets */,
				62356E842033616F00646D27 /* LaunchScreen.storyboard */,
				62356E872033616F00646D27 /* Info.plist */,
				62356E7F2033616F00646D27 /* Remontoj.xcdatamodeld */,
			);
			path = Remontoj;
			sourceTree = "<group>";
		};
		62356E8F2033617000646D27 /* RemontojTests */ = {
			isa = PBXGroup;
			children = (
				62356E902033617000646D27 /* RemontojTests.swift */,
				62356E922033617000646D27 /* Info.plist */,
			);
			path = RemontojTests;
			sourceTree = "<group>";
		};
		62356E9A2033617000646D27 /* RemontojUITests */ = {
			isa = PBXGroup;
			children = (
				62356E9B2033617000646D27 /* RemontojUITests.swift */,
				62356E9D2033617000646D27 /* Info.plist */,
			);
			path = RemontojUITests;
			sourceTree = "<group>";
		};
/* End PBXGroup section */

/* Begin PBXNativeTarget section */
		62356E742033616F00646D27 /* Remontoj */ = {
			isa = PBXNativeTarget;
			buildConfigurationList = 62356EA02033617000646D27 /* Build configuration list for PBXNativeTarget "Remontoj" */;
			buildPhases = (
				62356E712033616F00646D27 /* Sources */,
				62356E722033616F00646D27 /* Frameworks */,
				62356E732033616F00646D27 /* Resources */,
			);
			buildRules = (
			);
			dependencies = (
			);
			name = Remontoj;
			productName = Remontoj;
			productReference = 62356E752033616F00646D27 /* Remontoj.app */;
			productType = "com.apple.product-type.application";
		};
		62356E8B2033617000646D27 /* RemontojTests */ = {
			isa = PBXNativeTarget;
			buildConfigurationList = 62356EA32033617000646D27 /* Build configuration list for PBXNativeTarget "RemontojTests" */;
			buildPhases = (
				62356E882033617000646D27 /* Sources */,
				62356E892033617000646D27 /* Frameworks */,
				62356E8A2033617000646D27 /* Resources */,
			);
			buildRules = (
			);
			dependencies = (
				62356E8E2033617000646D27 /* PBXTargetDependency */,
			);
			name = RemontojTests;
			productName = RemontojTests;
			productReference = 62356E8C2033617000646D27 /* RemontojTests.xctest */;
			productType = "com.apple.product-type.bundle.unit-test";
		};
		62356E962033617000646D27 /* RemontojUITests */ = {
			isa = PBXNativeTarget;
			buildConfigurationList = 62356EA62033617000646D27 /* Build configuration list for PBXNativeTarget "RemontojUITests" */;
			buildPhases = (
				62356E932033617000646D27 /* Sources */,
				62356E942033617000646D27 /* Frameworks */,
				62356E952033617000646D27 /* Resources */,
			);
			buildRules = (
			);
			dependencies = (
				62356E992033617000646D27 /* PBXTargetDependency */,
			);
			name = RemontojUITests;
			productName = RemontojUITests;
			productReference = 62356E972033617000646D27 /* RemontojUITests.xctest */;
			productType = "com.apple.product-type.bundle.ui-testing";
		};
/* End PBXNativeTarget section */

/* Begin PBXProject section */
		62356E6D2033616F00646D27 /* Project object */ = {
			isa = PBXProject;
			attributes = {
				LastSwiftUpdateCheck = 0920;
				LastUpgradeCheck = 0920;
				ORGANIZATIONNAME = "Manasa MP";
				TargetAttributes = {
					62356E742033616F00646D27 = {
						CreatedOnToolsVersion = 9.2;
						ProvisioningStyle = Automatic;
					};
					62356E8B2033617000646D27 = {
						CreatedOnToolsVersion = 9.2;
						ProvisioningStyle = Automatic;
						TestTargetID = 62356E742033616F00646D27;
					};
					62356E962033617000646D27 = {
						CreatedOnToolsVersion = 9.2;
						ProvisioningStyle = Automatic;
						TestTargetID = 62356E742033616F00646D27;
					};
				};
			};
			buildConfigurationList = 62356E702033616F00646D27 /* Build configuration list for PBXProject "Remontoj" */;
			compatibilityVersion = "Xcode 8.0";
			developmentRegion = en;
			hasScannedForEncodings = 0;
			knownRegions = (
				en,
				Base,
			);
			mainGroup = 62356E6C2033616F00646D27;
			productRefGroup = 62356E762033616F00646D27 /* Products */;
			projectDirPath = "";
			projectRoot = "";
			targets = (
				62356E742033616F00646D27 /* Remontoj */,
				62356E8B2033617000646D27 /* RemontojTests */,
				62356E962033617000646D27 /* RemontojUITests */,
			);
		};
/* End PBXProject section */

/* Begin PBXResourcesBuildPhase section */
		62356E732033616F00646D27 /* Resources */ = {
			isa = PBXResourcesBuildPhase;
			buildActionMask = 2147483647;
			files = (
				62356E862033616F00646D27 /* LaunchScreen.storyboard in Resources */,
				62356E832033616F00646D27 /* Assets.xcassets in Resources */,
				62356E7E2033616F00646D27 /* Main.storyboard in Resources */,
			);
			runOnlyForDeploymentPostprocessing = 0;
		};
		62356E8A2033617000646D27 /* Resources */ = {
			isa = PBXResourcesBuildPhase;
			buildActionMask = 2147483647;
			files = (
			);
			runOnlyForDeploymentPostprocessing = 0;
		};
		62356E952033617000646D27 /* Resources */ = {
			isa = PBXResourcesBuildPhase;
			buildActionMask = 2147483647;
			files = (
			);
			runOnlyForDeploymentPostprocessing = 0;
		};
/* End PBXResourcesBuildPhase section */

/* Begin PBXSourcesBuildPhase section */
		62356E712033616F00646D27 /* Sources */ = {
			isa = PBXSourcesBuildPhase;
			buildActionMask = 2147483647;
			files = (
				62356E7B2033616F00646D27 /* ViewController.swift in Sources */,
				62356E812033616F00646D27 /* Remontoj.xcdatamodeld in Sources */,
				62356E792033616F00646D27 /* AppDelegate.swift in Sources */,
			);
			runOnlyForDeploymentPostprocessing = 0;
		};
		62356E882033617000646D27 /* Sources */ = {
			isa = PBXSourcesBuildPhase;
			buildActionMask = 2147483647;
			files = (
				62356E912033617000646D27 /* RemontojTests.swift in Sources */,
			);
			runOnlyForDeploymentPostprocessing = 0;
		};
		62356E932033617000646D27 /* Sources */ = {
			isa = PBXSourcesBuildPhase;
			buildActionMask = 2147483647;
			files = (
				62356E9C2033617000646D27 /* RemontojUITests.swift in Sources */,
			);
			runOnlyForDeploymentPostprocessing = 0;
		};
/* End PBXSourcesBuildPhase section */

/* Begin PBXTargetDependency section */
		62356E8E2033617000646D27 /* PBXTargetDependency */ = {
			isa = PBXTargetDependency;
			target = 62356E742033616F00646D27 /* Remontoj */;
			targetProxy = 62356E8D2033617000646D27 /* PBXContainerItemProxy */;
		};
		62356E992033617000646D27 /* PBXTargetDependency */ = {
			isa = PBXTargetDependency;
			target = 62356E742033616F00646D27 /* Remontoj */;
			targetProxy = 62356E982033617000646D27 /* PBXContainerItemProxy */;
		};
/* End PBXTargetDependency section */

/* Begin PBXVariantGroup section */
		62356E7C2033616F00646D27 /* Main.storyboard */ = {
			isa = PBXVariantGroup;
			children = (
				62356E7D2033616F00646D27 /* Base */,
			);
			name = Main.storyboard;
			sourceTree = "<group>";
		};
		62356E842033616F00646D27 /* LaunchScreen.storyboard */ = {
			isa = PBXVariantGroup;
			children = (
				62356E852033616F00646D27 /* Base */,
			);
			name = LaunchScreen.storyboard;
			sourceTree = "<group>";
		};
/* End PBXVariantGroup section */

/* Begin XCBuildConfiguration section */
		62356E9E2033617000646D27 /* Debug */ = {
			isa = XCBuildConfiguration;
			buildSettings = {
				ALWAYS_SEARCH_USER_PATHS = NO;
				CLANG_ANALYZER_NONNULL = YES;
				CLANG_ANALYZER_NUMBER_OBJECT_CONVERSION = YES_AGGRESSIVE;
				CLANG_CXX_LANGUAGE_STANDARD = "gnu++14";
				CLANG_CXX_LIBRARY = "libc++";
				CLANG_ENABLE_MODULES = YES;
				CLANG_ENABLE_OBJC_ARC = YES;
				CLANG_WARN_BLOCK_CAPTURE_AUTORELEASING = YES;
				CLANG_WARN_BOOL_CONVERSION = YES;
				CLANG_WARN_COMMA = YES;
				CLANG_WARN_CONSTANT_CONVERSION = YES;
				CLANG_WARN_DIRECT_OBJC_ISA_USAGE = YES_ERROR;
				CLANG_WARN_DOCUMENTATION_COMMENTS = YES;
				CLANG_WARN_EMPTY_BODY = YES;
				CLANG_WARN_ENUM_CONVERSION = YES;
				CLANG_WARN_INFINITE_RECURSION = YES;
				CLANG_WARN_INT_CONVERSION = YES;
				CLANG_WARN_NON_LITERAL_NULL_CONVERSION = YES;
				CLANG_WARN_OBJC_LITERAL_CONVERSION = YES;
				CLANG_WARN_OBJC_ROOT_CLASS = YES_ERROR;
				CLANG_WARN_RANGE_LOOP_ANALYSIS = YES;
				CLANG_WARN_STRICT_PROTOTYPES = YES;
				CLANG_WARN_SUSPICIOUS_MOVE = YES;
				CLANG_WARN_UNGUARDED_AVAILABILITY = YES_AGGRESSIVE;
				CLANG_WARN_UNREACHABLE_CODE = YES;
				CLANG_WARN__DUPLICATE_METHOD_MATCH = YES;
				CODE_SIGN_IDENTITY = "iPhone Developer";
				COPY_PHASE_STRIP = NO;
				DEBUG_INFORMATION_FORMAT = dwarf;
				ENABLE_STRICT_OBJC_MSGSEND = YES;
				ENABLE_TESTABILITY = YES;
				GCC_C_LANGUAGE_STANDARD = gnu11;
				GCC_DYNAMIC_NO_PIC = NO;
				GCC_NO_COMMON_BLOCKS = YES;
				GCC_OPTIMIZATION_LEVEL = 0;
				GCC_PREPROCESSOR_DEFINITIONS = (
					"DEBUG=1",
					"$(inherited)",
				);
				GCC_WARN_64_TO_32_BIT_CONVERSION = YES;
				GCC_WARN_ABOUT_RETURN_TYPE = YES_ERROR;
				GCC_WARN_UNDECLARED_SELECTOR = YES;
				GCC_WARN_UNINITIALIZED_AUTOS = YES_AGGRESSIVE;
				GCC_WARN_UNUSED_FUNCTION = YES;
				GCC_WARN_UNUSED_VARIABLE = YES;
				IPHONEOS_DEPLOYMENT_TARGET = 11.2;
				MTL_ENABLE_DEBUG_INFO = YES;
				ONLY_ACTIVE_ARCH = YES;
				SDKROOT = iphoneos;
				SWIFT_ACTIVE_COMPILATION_CONDITIONS = DEBUG;
				SWIFT_OPTIMIZATION_LEVEL = "-Onone";
			};
			name = Debug;
		};
		62356E9F2033617000646D27 /* Release */ = {
			isa = XCBuildConfiguration;
			buildSettings = {
				ALWAYS_SEARCH_USER_PATHS = NO;
				CLANG_ANALYZER_NONNULL = YES;
				CLANG_ANALYZER_NUMBER_OBJECT_CONVERSION = YES_AGGRESSIVE;
				CLANG_CXX_LANGUAGE_STANDARD = "gnu++14";
				CLANG_CXX_LIBRARY = "libc++";
				CLANG_ENABLE_MODULES = YES;
				CLANG_ENABLE_OBJC_ARC = YES;
				CLANG_WARN_BLOCK_CAPTURE_AUTORELEASING = YES;
				CLANG_WARN_BOOL_CONVERSION = YES;
				CLANG_WARN_COMMA = YES;
				CLANG_WARN_CONSTANT_CONVERSION = YES;
				CLANG_WARN_DIRECT_OBJC_ISA_USAGE = YES_ERROR;
				CLANG_WARN_DOCUMENTATION_COMMENTS = YES;
				CLANG_WARN_EMPTY_BODY = YES;
				CLANG_WARN_ENUM_CONVERSION = YES;
				CLANG_WARN_INFINITE_RECURSION = YES;
				CLANG_WARN_INT_CONVERSION = YES;
				CLANG_WARN_NON_LITERAL_NULL_CONVERSION = YES;
				CLANG_WARN_OBJC_LITERAL_CONVERSION = YES;
				CLANG_WARN_OBJC_ROOT_CLASS = YES_ERROR;
				CLANG_WARN_RANGE_LOOP_ANALYSIS = YES;
				CLANG_WARN_STRICT_PROTOTYPES = YES;
				CLANG_WARN_SUSPICIOUS_MOVE = YES;
				CLANG_WARN_UNGUARDED_AVAILABILITY = YES_AGGRESSIVE;
				CLANG_WARN_UNREACHABLE_CODE = YES;
				CLANG_WARN__DUPLICATE_METHOD_MATCH = YES;
				CODE_SIGN_IDENTITY = "iPhone Developer";
				COPY_PHASE_STRIP = NO;
				DEBUG_INFORMATION_FORMAT = "dwarf-with-dsym";
				ENABLE_NS_ASSERTIONS = NO;
				ENABLE_STRICT_OBJC_MSGSEND = YES;
				GCC_C_LANGUAGE_STANDARD = gnu11;
				GCC_NO_COMMON_BLOCKS = YES;
				GCC_WARN_64_TO_32_BIT_CONVERSION = YES;
				GCC_WARN_ABOUT_RETURN_TYPE = YES_ERROR;
				GCC_WARN_UNDECLARED_SELECTOR = YES;
				GCC_WARN_UNINITIALIZED_AUTOS = YES_AGGRESSIVE;
				GCC_WARN_UNUSED_FUNCTION = YES;
				GCC_WARN_UNUSED_VARIABLE = YES;
				IPHONEOS_DEPLOYMENT_TARGET = 11.2;
				MTL_ENABLE_DEBUG_INFO = NO;
				SDKROOT = iphoneos;
				SWIFT_OPTIMIZATION_LEVEL = "-Owholemodule";
				VALIDATE_PRODUCT = YES;
			};
			name = Release;
		};
		62356EA12033617000646D27 /* Debug */ = {
			isa = XCBuildConfiguration;
			buildSettings = {
				ASSETCATALOG_COMPILER_APPICON_NAME = AppIcon;
				CODE_SIGN_STYLE = Automatic;
				DEVELOPMENT_TEAM = 4JX55MZ9G5;
				INFOPLIST_FILE = Remontoj/Info.plist;
				LD_RUNPATH_SEARCH_PATHS = "$(inherited) @executable_path/Frameworks";
				PRODUCT_BUNDLE_IDENTIFIER = redBus.Remontoj;
				PRODUCT_NAME = "$(TARGET_NAME)";
				SWIFT_VERSION = 4.0;
				TARGETED_DEVICE_FAMILY = "1,2";
			};
			name = Debug;
		};
		62356EA22033617000646D27 /* Release */ = {
			isa = XCBuildConfiguration;
			buildSettings = {
				ASSETCATALOG_COMPILER_APPICON_NAME = AppIcon;
				CODE_SIGN_STYLE = Automatic;
				DEVELOPMENT_TEAM = 4JX55MZ9G5;
				INFOPLIST_FILE = Remontoj/Info.plist;
				LD_RUNPATH_SEARCH_PATHS = "$(inherited) @executable_path/Frameworks";
				PRODUCT_BUNDLE_IDENTIFIER = redBus.Remontoj;
				PRODUCT_NAME = "$(TARGET_NAME)";
				SWIFT_VERSION = 4.0;
				TARGETED_DEVICE_FAMILY = "1,2";
			};
			name = Release;
		};
		62356EA42033617000646D27 /* Debug */ = {
			isa = XCBuildConfiguration;
			buildSettings = {
				ALWAYS_EMBED_SWIFT_STANDARD_LIBRARIES = YES;
				BUNDLE_LOADER = "$(TEST_HOST)";
				CODE_SIGN_STYLE = Automatic;
				DEVELOPMENT_TEAM = 4JX55MZ9G5;
				INFOPLIST_FILE = RemontojTests/Info.plist;
				LD_RUNPATH_SEARCH_PATHS = "$(inherited) @executable_path/Frameworks @loader_path/Frameworks";
				PRODUCT_BUNDLE_IDENTIFIER = redBus.RemontojTests;
				PRODUCT_NAME = "$(TARGET_NAME)";
				SWIFT_VERSION = 4.0;
				TARGETED_DEVICE_FAMILY = "1,2";
				TEST_HOST = "$(BUILT_PRODUCTS_DIR)/Remontoj.app/Remontoj";
			};
			name = Debug;
		};
		62356EA52033617000646D27 /* Release */ = {
			isa = XCBuildConfiguration;
			buildSettings = {
				ALWAYS_EMBED_SWIFT_STANDARD_LIBRARIES = YES;
				BUNDLE_LOADER = "$(TEST_HOST)";
				CODE_SIGN_STYLE = Automatic;
				DEVELOPMENT_TEAM = 4JX55MZ9G5;
				INFOPLIST_FILE = RemontojTests/Info.plist;
				LD_RUNPATH_SEARCH_PATHS = "$(inherited) @executable_path/Frameworks @loader_path/Frameworks";
				PRODUCT_BUNDLE_IDENTIFIER = redBus.RemontojTests;
				PRODUCT_NAME = "$(TARGET_NAME)";
				SWIFT_VERSION = 4.0;
				TARGETED_DEVICE_FAMILY = "1,2";
				TEST_HOST = "$(BUILT_PRODUCTS_DIR)/Remontoj.app/Remontoj";
			};
			name = Release;
		};
		62356EA72033617000646D27 /* Debug */ = {
			isa = XCBuildConfiguration;
			buildSettings = {
				ALWAYS_EMBED_SWIFT_STANDARD_LIBRARIES = YES;
				CODE_SIGN_STYLE = Automatic;
				DEVELOPMENT_TEAM = 4JX55MZ9G5;
				INFOPLIST_FILE = RemontojUITests/Info.plist;
				LD_RUNPATH_SEARCH_PATHS = "$(inherited) @executable_path/Frameworks @loader_path/Frameworks";
				PRODUCT_BUNDLE_IDENTIFIER = redBus.RemontojUITests;
				PRODUCT_NAME = "$(TARGET_NAME)";
				SWIFT_VERSION = 4.0;
				TARGETED_DEVICE_FAMILY = "1,2";
				TEST_TARGET_NAME = Remontoj;
			};
			name = Debug;
		};
		62356EA82033617000646D27 /* Release */ = {
			isa = XCBuildConfiguration;
			buildSettings = {
				ALWAYS_EMBED_SWIFT_STANDARD_LIBRARIES = YES;
				CODE_SIGN_STYLE = Automatic;
				DEVELOPMENT_TEAM = 4JX55MZ9G5;
				INFOPLIST_FILE = RemontojUITests/Info.plist;
				LD_RUNPATH_SEARCH_PATHS = "$(inherited) @executable_path/Frameworks @loader_path/Frameworks";
				PRODUCT_BUNDLE_IDENTIFIER = redBus.RemontojUITests;
				PRODUCT_NAME = "$(TARGET_NAME)";
				SWIFT_VERSION = 4.0;
				TARGETED_DEVICE_FAMILY = "1,2";
				TEST_TARGET_NAME = Remontoj;
			};
			name = Release;
		};
/* End XCBuildConfiguration section */

/* Begin XCConfigurationList section */
		62356E702033616F00646D27 /* Build configuration list for PBXProject "Remontoj" */ = {
			isa = XCConfigurationList;
			buildConfigurations = (
				62356E9E2033617000646D27 /* Debug */,
				62356E9F2033617000646D27 /* Release */,
			);
			defaultConfigurationIsVisible = 0;
			defaultConfigurationName = Release;
		};
		62356EA02033617000646D27 /* Build configuration list for PBXNativeTarget "Remontoj" */ = {
			isa = XCConfigurationList;
			buildConfigurations = (
				62356EA12033617000646D27 /* Debug */,
				62356EA22033617000646D27 /* Release */,
			);
			defaultConfigurationIsVisible = 0;
			defaultConfigurationName = Release;
		};
		62356EA32033617000646D27 /* Build configuration list for PBXNativeTarget "RemontojTests" */ = {
			isa = XCConfigurationList;
			buildConfigurations = (
				62356EA42033617000646D27 /* Debug */,
				62356EA52033617000646D27 /* Release */,
			);
			defaultConfigurationIsVisible = 0;
			defaultConfigurationName = Release;
		};
		62356EA62033617000646D27 /* Build configuration list for PBXNativeTarget "RemontojUITests" */ = {
			isa = XCConfigurationList;
			buildConfigurations = (
				62356EA72033617000646D27 /* Debug */,
				62356EA82033617000646D27 /* Release */,
			);
			defaultConfigurationIsVisible = 0;
			defaultConfigurationName = Release;
		};
/* End XCConfigurationList section */

/* Begin XCVersionGroup section */
		62356E7F2033616F00646D27 /* Remontoj.xcdatamodeld */ = {
			isa = XCVersionGroup;
			children = (
				62356E802033616F00646D27 /* Remontoj.xcdatamodel */,
			);
			currentVersion = 62356E802033616F00646D27 /* Remontoj.xcdatamodel */;
			path = Remontoj.xcdatamodeld;
			sourceTree = "<group>";
			versionGroupType = wrapper.xcdatamodel;
		};
/* End XCVersionGroup section */
	};
	rootObject = 62356E6D2033616F00646D27 /* Project object */;
}
